// !$*UTF8*$!
{
	archiveVersion = 1;
	classes = {
	};
	objectVersion = 56;
	objects = {

/* Begin PBXBuildFile section */
		CF0D2DF02C932C7D00B1F3C3 /* HeaderView.swift in Sources */ = {isa = PBXBuildFile; fileRef = CF0D2DEF2C932C7D00B1F3C3 /* HeaderView.swift */; };
		CF0D2DF32C932D8F00B1F3C3 /* Exercise.swift in Sources */ = {isa = PBXBuildFile; fileRef = CF0D2DF22C932D8F00B1F3C3 /* Exercise.swift */; };
		CF0D2E002C93331B00B1F3C3 /* step-up.mp4 in Resources */ = {isa = PBXBuildFile; fileRef = CF0D2DFC2C93331A00B1F3C3 /* step-up.mp4 */; };
		CF0D2E012C93331B00B1F3C3 /* burpee.mp4 in Resources */ = {isa = PBXBuildFile; fileRef = CF0D2DFD2C93331A00B1F3C3 /* burpee.mp4 */; };
		CF0D2E022C93331B00B1F3C3 /* squat.mp4 in Resources */ = {isa = PBXBuildFile; fileRef = CF0D2DFE2C93331A00B1F3C3 /* squat.mp4 */; };
		CF0D2E032C93331B00B1F3C3 /* sun-salute.mp4 in Resources */ = {isa = PBXBuildFile; fileRef = CF0D2DFF2C93331B00B1F3C3 /* sun-salute.mp4 */; };
		CF0D2E052C93342D00B1F3C3 /* RatingView.swift in Sources */ = {isa = PBXBuildFile; fileRef = CF0D2E042C93342D00B1F3C3 /* RatingView.swift */; };
		CF0D2E072C93350400B1F3C3 /* VideoPlayerView.swift in Sources */ = {isa = PBXBuildFile; fileRef = CF0D2E062C93350400B1F3C3 /* VideoPlayerView.swift */; };
		CF0D2E092C93361000B1F3C3 /* HistoryView.swift in Sources */ = {isa = PBXBuildFile; fileRef = CF0D2E082C93361000B1F3C3 /* HistoryView.swift */; };
		CF0D2E0A2C93380800B1F3C3 /* DateExtension.swift in Sources */ = {isa = PBXBuildFile; fileRef = CF0D2DF42C932EFE00B1F3C3 /* DateExtension.swift */; };
		CF0D2E0B2C93381B00B1F3C3 /* ImageExtension.swift in Sources */ = {isa = PBXBuildFile; fileRef = CF0D2DF62C932F1C00B1F3C3 /* ImageExtension.swift */; };
		CF0D2E0D2C93390400B1F3C3 /* HistoryStore.swift in Sources */ = {isa = PBXBuildFile; fileRef = CF0D2E0C2C93390400B1F3C3 /* HistoryStore.swift */; };
		CF0D2E102C933A7400B1F3C3 /* HistoryStoreDevData.swift in Sources */ = {isa = PBXBuildFile; fileRef = CF0D2E0F2C933A7400B1F3C3 /* HistoryStoreDevData.swift */; };
		CF0D2E122C93527700B1F3C3 /* SuccessView.swift in Sources */ = {isa = PBXBuildFile; fileRef = CF0D2E112C93527700B1F3C3 /* SuccessView.swift */; };
		CFD0F1572C9257D5007C3985 /* HIIFitApp.swift in Sources */ = {isa = PBXBuildFile; fileRef = CFD0F1562C9257D5007C3985 /* HIIFitApp.swift */; };
		CFD0F1592C9257D5007C3985 /* ContentView.swift in Sources */ = {isa = PBXBuildFile; fileRef = CFD0F1582C9257D5007C3985 /* ContentView.swift */; };
		CFD0F15B2C9257D6007C3985 /* Assets.xcassets in Resources */ = {isa = PBXBuildFile; fileRef = CFD0F15A2C9257D6007C3985 /* Assets.xcassets */; };
		CFD0F15E2C9257D6007C3985 /* Preview Assets.xcassets in Resources */ = {isa = PBXBuildFile; fileRef = CFD0F15D2C9257D6007C3985 /* Preview Assets.xcassets */; };
		CFD0F1682C9257D6007C3985 /* HIIFitTests.swift in Sources */ = {isa = PBXBuildFile; fileRef = CFD0F1672C9257D6007C3985 /* HIIFitTests.swift */; };
		CFD0F1722C9257D6007C3985 /* HIIFitUITests.swift in Sources */ = {isa = PBXBuildFile; fileRef = CFD0F1712C9257D6007C3985 /* HIIFitUITests.swift */; };
		CFD0F1742C9257D6007C3985 /* HIIFitUITestsLaunchTests.swift in Sources */ = {isa = PBXBuildFile; fileRef = CFD0F1732C9257D6007C3985 /* HIIFitUITestsLaunchTests.swift */; };
		CFD0F1812C925995007C3985 /* WelcomeView.swift in Sources */ = {isa = PBXBuildFile; fileRef = CFD0F1802C925995007C3985 /* WelcomeView.swift */; };
		CFD0F1832C92599E007C3985 /* ExerciseView.swift in Sources */ = {isa = PBXBuildFile; fileRef = CFD0F1822C92599E007C3985 /* ExerciseView.swift */; };
/* End PBXBuildFile section */

/* Begin PBXContainerItemProxy section */
		CFD0F1642C9257D6007C3985 /* PBXContainerItemProxy */ = {
			isa = PBXContainerItemProxy;
			containerPortal = CFD0F14B2C9257D5007C3985 /* Project object */;
			proxyType = 1;
			remoteGlobalIDString = CFD0F1522C9257D5007C3985;
			remoteInfo = HIIFit;
		};
		CFD0F16E2C9257D6007C3985 /* PBXContainerItemProxy */ = {
			isa = PBXContainerItemProxy;
			containerPortal = CFD0F14B2C9257D5007C3985 /* Project object */;
			proxyType = 1;
			remoteGlobalIDString = CFD0F1522C9257D5007C3985;
			remoteInfo = HIIFit;
		};
/* End PBXContainerItemProxy section */

/* Begin PBXFileReference section */
		CF0D2DEF2C932C7D00B1F3C3 /* HeaderView.swift */ = {isa = PBXFileReference; lastKnownFileType = sourcecode.swift; path = HeaderView.swift; sourceTree = "<group>"; };
		CF0D2DF22C932D8F00B1F3C3 /* Exercise.swift */ = {isa = PBXFileReference; lastKnownFileType = sourcecode.swift; path = Exercise.swift; sourceTree = "<group>"; };
		CF0D2DF42C932EFE00B1F3C3 /* DateExtension.swift */ = {isa = PBXFileReference; lastKnownFileType = sourcecode.swift; path = DateExtension.swift; sourceTree = "<group>"; };
		CF0D2DF62C932F1C00B1F3C3 /* ImageExtension.swift */ = {isa = PBXFileReference; lastKnownFileType = sourcecode.swift; path = ImageExtension.swift; sourceTree = "<group>"; };
		CF0D2DFC2C93331A00B1F3C3 /* step-up.mp4 */ = {isa = PBXFileReference; lastKnownFileType = file; path = "step-up.mp4"; sourceTree = "<group>"; };
		CF0D2DFD2C93331A00B1F3C3 /* burpee.mp4 */ = {isa = PBXFileReference; lastKnownFileType = file; path = burpee.mp4; sourceTree = "<group>"; };
		CF0D2DFE2C93331A00B1F3C3 /* squat.mp4 */ = {isa = PBXFileReference; lastKnownFileType = file; path = squat.mp4; sourceTree = "<group>"; };
		CF0D2DFF2C93331B00B1F3C3 /* sun-salute.mp4 */ = {isa = PBXFileReference; lastKnownFileType = file; path = "sun-salute.mp4"; sourceTree = "<group>"; };
		CF0D2E042C93342D00B1F3C3 /* RatingView.swift */ = {isa = PBXFileReference; lastKnownFileType = sourcecode.swift; path = RatingView.swift; sourceTree = "<group>"; };
		CF0D2E062C93350400B1F3C3 /* VideoPlayerView.swift */ = {isa = PBXFileReference; lastKnownFileType = sourcecode.swift; path = VideoPlayerView.swift; sourceTree = "<group>"; };
		CF0D2E082C93361000B1F3C3 /* HistoryView.swift */ = {isa = PBXFileReference; lastKnownFileType = sourcecode.swift; path = HistoryView.swift; sourceTree = "<group>"; };
		CF0D2E0C2C93390400B1F3C3 /* HistoryStore.swift */ = {isa = PBXFileReference; lastKnownFileType = sourcecode.swift; path = HistoryStore.swift; sourceTree = "<group>"; };
		CF0D2E0F2C933A7400B1F3C3 /* HistoryStoreDevData.swift */ = {isa = PBXFileReference; lastKnownFileType = sourcecode.swift; path = HistoryStoreDevData.swift; sourceTree = "<group>"; };
		CF0D2E112C93527700B1F3C3 /* SuccessView.swift */ = {isa = PBXFileReference; lastKnownFileType = sourcecode.swift; path = SuccessView.swift; sourceTree = "<group>"; };
		CFD0F1532C9257D5007C3985 /* HIIFit.app */ = {isa = PBXFileReference; explicitFileType = wrapper.application; includeInIndex = 0; path = HIIFit.app; sourceTree = BUILT_PRODUCTS_DIR; };
		CFD0F1562C9257D5007C3985 /* HIIFitApp.swift */ = {isa = PBXFileReference; lastKnownFileType = sourcecode.swift; path = HIIFitApp.swift; sourceTree = "<group>"; };
		CFD0F1582C9257D5007C3985 /* ContentView.swift */ = {isa = PBXFileReference; lastKnownFileType = sourcecode.swift; path = ContentView.swift; sourceTree = "<group>"; };
		CFD0F15A2C9257D6007C3985 /* Assets.xcassets */ = {isa = PBXFileReference; lastKnownFileType = folder.assetcatalog; path = Assets.xcassets; sourceTree = "<group>"; };
		CFD0F15D2C9257D6007C3985 /* Preview Assets.xcassets */ = {isa = PBXFileReference; lastKnownFileType = folder.assetcatalog; path = "Preview Assets.xcassets"; sourceTree = "<group>"; };
		CFD0F1632C9257D6007C3985 /* HIIFitTests.xctest */ = {isa = PBXFileReference; explicitFileType = wrapper.cfbundle; includeInIndex = 0; path = HIIFitTests.xctest; sourceTree = BUILT_PRODUCTS_DIR; };
		CFD0F1672C9257D6007C3985 /* HIIFitTests.swift */ = {isa = PBXFileReference; lastKnownFileType = sourcecode.swift; path = HIIFitTests.swift; sourceTree = "<group>"; };
		CFD0F16D2C9257D6007C3985 /* HIIFitUITests.xctest */ = {isa = PBXFileReference; explicitFileType = wrapper.cfbundle; includeInIndex = 0; path = HIIFitUITests.xctest; sourceTree = BUILT_PRODUCTS_DIR; };
		CFD0F1712C9257D6007C3985 /* HIIFitUITests.swift */ = {isa = PBXFileReference; lastKnownFileType = sourcecode.swift; path = HIIFitUITests.swift; sourceTree = "<group>"; };
		CFD0F1732C9257D6007C3985 /* HIIFitUITestsLaunchTests.swift */ = {isa = PBXFileReference; lastKnownFileType = sourcecode.swift; path = HIIFitUITestsLaunchTests.swift; sourceTree = "<group>"; };
		CFD0F1802C925995007C3985 /* WelcomeView.swift */ = {isa = PBXFileReference; lastKnownFileType = sourcecode.swift; path = WelcomeView.swift; sourceTree = "<group>"; };
		CFD0F1822C92599E007C3985 /* ExerciseView.swift */ = {isa = PBXFileReference; lastKnownFileType = sourcecode.swift; path = ExerciseView.swift; sourceTree = "<group>"; };
/* End PBXFileReference section */

/* Begin PBXFrameworksBuildPhase section */
		CFD0F1502C9257D5007C3985 /* Frameworks */ = {
			isa = PBXFrameworksBuildPhase;
			buildActionMask = 2147483647;
			files = (
			);
			runOnlyForDeploymentPostprocessing = 0;
		};
		CFD0F1602C9257D6007C3985 /* Frameworks */ = {
			isa = PBXFrameworksBuildPhase;
			buildActionMask = 2147483647;
			files = (
			);
			runOnlyForDeploymentPostprocessing = 0;
		};
		CFD0F16A2C9257D6007C3985 /* Frameworks */ = {
			isa = PBXFrameworksBuildPhase;
			buildActionMask = 2147483647;
			files = (
			);
			runOnlyForDeploymentPostprocessing = 0;
		};
/* End PBXFrameworksBuildPhase section */

/* Begin PBXGroup section */
		CF0D2DFB2C9332F000B1F3C3 /* Videos */ = {
			isa = PBXGroup;
			children = (
				CF0D2DFD2C93331A00B1F3C3 /* burpee.mp4 */,
				CF0D2DFE2C93331A00B1F3C3 /* squat.mp4 */,
				CF0D2DFC2C93331A00B1F3C3 /* step-up.mp4 */,
				CF0D2DFF2C93331B00B1F3C3 /* sun-salute.mp4 */,
			);
			path = Videos;
			sourceTree = "<group>";
		};
		CF0D2E0E2C93396200B1F3C3 /* Model */ = {
			isa = PBXGroup;
			children = (
				CF0D2DF22C932D8F00B1F3C3 /* Exercise.swift */,
				CF0D2E0C2C93390400B1F3C3 /* HistoryStore.swift */,
			);
			path = Model;
			sourceTree = "<group>";
		};
		CFD0F14A2C9257D5007C3985 = {
			isa = PBXGroup;
			children = (
				CFD0F1552C9257D5007C3985 /* HIIFit */,
				CF0D2E0E2C93396200B1F3C3 /* Model */,
				CFD0F1662C9257D6007C3985 /* HIIFitTests */,
				CF0D2DFB2C9332F000B1F3C3 /* Videos */,
				CFD0F1702C9257D6007C3985 /* HIIFitUITests */,
				CFD0F1542C9257D5007C3985 /* Products */,
			);
			sourceTree = "<group>";
		};
		CFD0F1542C9257D5007C3985 /* Products */ = {
			isa = PBXGroup;
			children = (
				CFD0F1532C9257D5007C3985 /* HIIFit.app */,
				CFD0F1632C9257D6007C3985 /* HIIFitTests.xctest */,
				CFD0F16D2C9257D6007C3985 /* HIIFitUITests.xctest */,
			);
			name = Products;
			sourceTree = "<group>";
		};
		CFD0F1552C9257D5007C3985 /* HIIFit */ = {
			isa = PBXGroup;
			children = (
				CF0D2DF62C932F1C00B1F3C3 /* ImageExtension.swift */,
				CF0D2DF42C932EFE00B1F3C3 /* DateExtension.swift */,
				CFD0F1562C9257D5007C3985 /* HIIFitApp.swift */,
				CFD0F1842C9259A9007C3985 /* Views */,
				CFD0F15A2C9257D6007C3985 /* Assets.xcassets */,
				CFD0F15C2C9257D6007C3985 /* Preview Content */,
			);
			path = HIIFit;
			sourceTree = "<group>";
		};
		CFD0F15C2C9257D6007C3985 /* Preview Content */ = {
			isa = PBXGroup;
			children = (
				CFD0F15D2C9257D6007C3985 /* Preview Assets.xcassets */,
				CF0D2E0F2C933A7400B1F3C3 /* HistoryStoreDevData.swift */,
			);
			path = "Preview Content";
			sourceTree = "<group>";
		};
		CFD0F1662C9257D6007C3985 /* HIIFitTests */ = {
			isa = PBXGroup;
			children = (
				CFD0F1672C9257D6007C3985 /* HIIFitTests.swift */,
			);
			path = HIIFitTests;
			sourceTree = "<group>";
		};
		CFD0F1702C9257D6007C3985 /* HIIFitUITests */ = {
			isa = PBXGroup;
			children = (
				CFD0F1712C9257D6007C3985 /* HIIFitUITests.swift */,
				CFD0F1732C9257D6007C3985 /* HIIFitUITestsLaunchTests.swift */,
			);
			path = HIIFitUITests;
			sourceTree = "<group>";
		};
		CFD0F1842C9259A9007C3985 /* Views */ = {
			isa = PBXGroup;
			children = (
				CFD0F1582C9257D5007C3985 /* ContentView.swift */,
				CFD0F1802C925995007C3985 /* WelcomeView.swift */,
				CFD0F1822C92599E007C3985 /* ExerciseView.swift */,
				CF0D2E112C93527700B1F3C3 /* SuccessView.swift */,
				CF0D2E042C93342D00B1F3C3 /* RatingView.swift */,
				CF0D2E082C93361000B1F3C3 /* HistoryView.swift */,
				CF0D2E062C93350400B1F3C3 /* VideoPlayerView.swift */,
				CF0D2DEF2C932C7D00B1F3C3 /* HeaderView.swift */,
			);
			path = Views;
			sourceTree = "<group>";
		};
/* End PBXGroup section */

/* Begin PBXNativeTarget section */
		CFD0F1522C9257D5007C3985 /* HIIFit */ = {
			isa = PBXNativeTarget;
			buildConfigurationList = CFD0F1772C9257D6007C3985 /* Build configuration list for PBXNativeTarget "HIIFit" */;
			buildPhases = (
				CFD0F14F2C9257D5007C3985 /* Sources */,
				CFD0F1502C9257D5007C3985 /* Frameworks */,
				CFD0F1512C9257D5007C3985 /* Resources */,
			);
			buildRules = (
			);
			dependencies = (
			);
			name = HIIFit;
			productName = HIIFit;
			productReference = CFD0F1532C9257D5007C3985 /* HIIFit.app */;
			productType = "com.apple.product-type.application";
		};
		CFD0F1622C9257D6007C3985 /* HIIFitTests */ = {
			isa = PBXNativeTarget;
			buildConfigurationList = CFD0F17A2C9257D6007C3985 /* Build configuration list for PBXNativeTarget "HIIFitTests" */;
			buildPhases = (
				CFD0F15F2C9257D6007C3985 /* Sources */,
				CFD0F1602C9257D6007C3985 /* Frameworks */,
				CFD0F1612C9257D6007C3985 /* Resources */,
			);
			buildRules = (
			);
			dependencies = (
				CFD0F1652C9257D6007C3985 /* PBXTargetDependency */,
			);
			name = HIIFitTests;
			productName = HIIFitTests;
			productReference = CFD0F1632C9257D6007C3985 /* HIIFitTests.xctest */;
			productType = "com.apple.product-type.bundle.unit-test";
		};
		CFD0F16C2C9257D6007C3985 /* HIIFitUITests */ = {
			isa = PBXNativeTarget;
			buildConfigurationList = CFD0F17D2C9257D6007C3985 /* Build configuration list for PBXNativeTarget "HIIFitUITests" */;
			buildPhases = (
				CFD0F1692C9257D6007C3985 /* Sources */,
				CFD0F16A2C9257D6007C3985 /* Frameworks */,
				CFD0F16B2C9257D6007C3985 /* Resources */,
			);
			buildRules = (
			);
			dependencies = (
				CFD0F16F2C9257D6007C3985 /* PBXTargetDependency */,
			);
			name = HIIFitUITests;
			productName = HIIFitUITests;
			productReference = CFD0F16D2C9257D6007C3985 /* HIIFitUITests.xctest */;
			productType = "com.apple.product-type.bundle.ui-testing";
		};
/* End PBXNativeTarget section */

/* Begin PBXProject section */
		CFD0F14B2C9257D5007C3985 /* Project object */ = {
			isa = PBXProject;
			attributes = {
				BuildIndependentTargetsInParallel = 1;
				LastSwiftUpdateCheck = 1540;
				LastUpgradeCheck = 1540;
				TargetAttributes = {
					CFD0F1522C9257D5007C3985 = {
						CreatedOnToolsVersion = 15.4;
					};
					CFD0F1622C9257D6007C3985 = {
						CreatedOnToolsVersion = 15.4;
						TestTargetID = CFD0F1522C9257D5007C3985;
					};
					CFD0F16C2C9257D6007C3985 = {
						CreatedOnToolsVersion = 15.4;
						TestTargetID = CFD0F1522C9257D5007C3985;
					};
				};
			};
			buildConfigurationList = CFD0F14E2C9257D5007C3985 /* Build configuration list for PBXProject "HIIFit" */;
			compatibilityVersion = "Xcode 14.0";
			developmentRegion = en;
			hasScannedForEncodings = 0;
			knownRegions = (
				en,
				Base,
			);
			mainGroup = CFD0F14A2C9257D5007C3985;
			productRefGroup = CFD0F1542C9257D5007C3985 /* Products */;
			projectDirPath = "";
			projectRoot = "";
			targets = (
				CFD0F1522C9257D5007C3985 /* HIIFit */,
				CFD0F1622C9257D6007C3985 /* HIIFitTests */,
				CFD0F16C2C9257D6007C3985 /* HIIFitUITests */,
			);
		};
/* End PBXProject section */

/* Begin PBXResourcesBuildPhase section */
		CFD0F1512C9257D5007C3985 /* Resources */ = {
			isa = PBXResourcesBuildPhase;
			buildActionMask = 2147483647;
			files = (
				CF0D2E022C93331B00B1F3C3 /* squat.mp4 in Resources */,
				CF0D2E012C93331B00B1F3C3 /* burpee.mp4 in Resources */,
				CFD0F15E2C9257D6007C3985 /* Preview Assets.xcassets in Resources */,
				CFD0F15B2C9257D6007C3985 /* Assets.xcassets in Resources */,
				CF0D2E032C93331B00B1F3C3 /* sun-salute.mp4 in Resources */,
				CF0D2E002C93331B00B1F3C3 /* step-up.mp4 in Resources */,
			);
			runOnlyForDeploymentPostprocessing = 0;
		};
		CFD0F1612C9257D6007C3985 /* Resources */ = {
			isa = PBXResourcesBuildPhase;
			buildActionMask = 2147483647;
			files = (
			);
			runOnlyForDeploymentPostprocessing = 0;
		};
		CFD0F16B2C9257D6007C3985 /* Resources */ = {
			isa = PBXResourcesBuildPhase;
			buildActionMask = 2147483647;
			files = (
			);
			runOnlyForDeploymentPostprocessing = 0;
		};
/* End PBXResourcesBuildPhase section */

/* Begin PBXSourcesBuildPhase section */
		CFD0F14F2C9257D5007C3985 /* Sources */ = {
			isa = PBXSourcesBuildPhase;
			buildActionMask = 2147483647;
			files = (
				CF0D2DF02C932C7D00B1F3C3 /* HeaderView.swift in Sources */,
				CF0D2E0A2C93380800B1F3C3 /* DateExtension.swift in Sources */,
				CFD0F1832C92599E007C3985 /* ExerciseView.swift in Sources */,
				CFD0F1592C9257D5007C3985 /* ContentView.swift in Sources */,
				CF0D2E0D2C93390400B1F3C3 /* HistoryStore.swift in Sources */,
				CF0D2E102C933A7400B1F3C3 /* HistoryStoreDevData.swift in Sources */,
				CF0D2E122C93527700B1F3C3 /* SuccessView.swift in Sources */,
				CFD0F1812C925995007C3985 /* WelcomeView.swift in Sources */,
				CFD0F1572C9257D5007C3985 /* HIIFitApp.swift in Sources */,
				CF0D2DF32C932D8F00B1F3C3 /* Exercise.swift in Sources */,
				CF0D2E052C93342D00B1F3C3 /* RatingView.swift in Sources */,
				CF0D2E092C93361000B1F3C3 /* HistoryView.swift in Sources */,
				CF0D2E0B2C93381B00B1F3C3 /* ImageExtension.swift in Sources */,
				CF0D2E072C93350400B1F3C3 /* VideoPlayerView.swift in Sources */,
			);
			runOnlyForDeploymentPostprocessing = 0;
		};
		CFD0F15F2C9257D6007C3985 /* Sources */ = {
			isa = PBXSourcesBuildPhase;
			buildActionMask = 2147483647;
			files = (
				CFD0F1682C9257D6007C3985 /* HIIFitTests.swift in Sources */,
			);
			runOnlyForDeploymentPostprocessing = 0;
		};
		CFD0F1692C9257D6007C3985 /* Sources */ = {
			isa = PBXSourcesBuildPhase;
			buildActionMask = 2147483647;
			files = (
				CFD0F1722C9257D6007C3985 /* HIIFitUITests.swift in Sources */,
				CFD0F1742C9257D6007C3985 /* HIIFitUITestsLaunchTests.swift in Sources */,
			);
			runOnlyForDeploymentPostprocessing = 0;
		};
/* End PBXSourcesBuildPhase section */

/* Begin PBXTargetDependency section */
		CFD0F1652C9257D6007C3985 /* PBXTargetDependency */ = {
			isa = PBXTargetDependency;
			target = CFD0F1522C9257D5007C3985 /* HIIFit */;
			targetProxy = CFD0F1642C9257D6007C3985 /* PBXContainerItemProxy */;
		};
		CFD0F16F2C9257D6007C3985 /* PBXTargetDependency */ = {
			isa = PBXTargetDependency;
			target = CFD0F1522C9257D5007C3985 /* HIIFit */;
			targetProxy = CFD0F16E2C9257D6007C3985 /* PBXContainerItemProxy */;
		};
/* End PBXTargetDependency section */

/* Begin XCBuildConfiguration section */
		CFD0F1752C9257D6007C3985 /* Debug */ = {
			isa = XCBuildConfiguration;
			buildSettings = {
				ALWAYS_SEARCH_USER_PATHS = NO;
				ASSETCATALOG_COMPILER_GENERATE_SWIFT_ASSET_SYMBOL_EXTENSIONS = YES;
				CLANG_ANALYZER_NONNULL = YES;
				CLANG_ANALYZER_NUMBER_OBJECT_CONVERSION = YES_AGGRESSIVE;
				CLANG_CXX_LANGUAGE_STANDARD = "gnu++20";
				CLANG_ENABLE_MODULES = YES;
				CLANG_ENABLE_OBJC_ARC = YES;
				CLANG_ENABLE_OBJC_WEAK = YES;
				CLANG_WARN_BLOCK_CAPTURE_AUTORELEASING = YES;
				CLANG_WARN_BOOL_CONVERSION = YES;
				CLANG_WARN_COMMA = YES;
				CLANG_WARN_CONSTANT_CONVERSION = YES;
				CLANG_WARN_DEPRECATED_OBJC_IMPLEMENTATIONS = YES;
				CLANG_WARN_DIRECT_OBJC_ISA_USAGE = YES_ERROR;
				CLANG_WARN_DOCUMENTATION_COMMENTS = YES;
				CLANG_WARN_EMPTY_BODY = YES;
				CLANG_WARN_ENUM_CONVERSION = YES;
				CLANG_WARN_INFINITE_RECURSION = YES;
				CLANG_WARN_INT_CONVERSION = YES;
				CLANG_WARN_NON_LITERAL_NULL_CONVERSION = YES;
				CLANG_WARN_OBJC_IMPLICIT_RETAIN_SELF = YES;
				CLANG_WARN_OBJC_LITERAL_CONVERSION = YES;
				CLANG_WARN_OBJC_ROOT_CLASS = YES_ERROR;
				CLANG_WARN_QUOTED_INCLUDE_IN_FRAMEWORK_HEADER = YES;
				CLANG_WARN_RANGE_LOOP_ANALYSIS = YES;
				CLANG_WARN_STRICT_PROTOTYPES = YES;
				CLANG_WARN_SUSPICIOUS_MOVE = YES;
				CLANG_WARN_UNGUARDED_AVAILABILITY = YES_AGGRESSIVE;
				CLANG_WARN_UNREACHABLE_CODE = YES;
				CLANG_WARN__DUPLICATE_METHOD_MATCH = YES;
				COPY_PHASE_STRIP = NO;
				DEBUG_INFORMATION_FORMAT = dwarf;
				ENABLE_STRICT_OBJC_MSGSEND = YES;
				ENABLE_TESTABILITY = YES;
				ENABLE_USER_SCRIPT_SANDBOXING = YES;
				GCC_C_LANGUAGE_STANDARD = gnu17;
				GCC_DYNAMIC_NO_PIC = NO;
				GCC_NO_COMMON_BLOCKS = YES;
				GCC_OPTIMIZATION_LEVEL = 0;
				GCC_PREPROCESSOR_DEFINITIONS = (
					"DEBUG=1",
					"$(inherited)",
				);
				GCC_WARN_64_TO_32_BIT_CONVERSION = YES;
				GCC_WARN_ABOUT_RETURN_TYPE = YES_ERROR;
				GCC_WARN_UNDECLARED_SELECTOR = YES;
				GCC_WARN_UNINITIALIZED_AUTOS = YES_AGGRESSIVE;
				GCC_WARN_UNUSED_FUNCTION = YES;
				GCC_WARN_UNUSED_VARIABLE = YES;
				IPHONEOS_DEPLOYMENT_TARGET = 17.5;
				LOCALIZATION_PREFERS_STRING_CATALOGS = YES;
				MTL_ENABLE_DEBUG_INFO = INCLUDE_SOURCE;
				MTL_FAST_MATH = YES;
				ONLY_ACTIVE_ARCH = YES;
				SDKROOT = iphoneos;
				SWIFT_ACTIVE_COMPILATION_CONDITIONS = "DEBUG $(inherited)";
				SWIFT_OPTIMIZATION_LEVEL = "-Onone";
			};
			name = Debug;
		};
		CFD0F1762C9257D6007C3985 /* Release */ = {
			isa = XCBuildConfiguration;
			buildSettings = {
				ALWAYS_SEARCH_USER_PATHS = NO;
				ASSETCATALOG_COMPILER_GENERATE_SWIFT_ASSET_SYMBOL_EXTENSIONS = YES;
				CLANG_ANALYZER_NONNULL = YES;
				CLANG_ANALYZER_NUMBER_OBJECT_CONVERSION = YES_AGGRESSIVE;
				CLANG_CXX_LANGUAGE_STANDARD = "gnu++20";
				CLANG_ENABLE_MODULES = YES;
				CLANG_ENABLE_OBJC_ARC = YES;
				CLANG_ENABLE_OBJC_WEAK = YES;
				CLANG_WARN_BLOCK_CAPTURE_AUTORELEASING = YES;
				CLANG_WARN_BOOL_CONVERSION = YES;
				CLANG_WARN_COMMA = YES;
				CLANG_WARN_CONSTANT_CONVERSION = YES;
				CLANG_WARN_DEPRECATED_OBJC_IMPLEMENTATIONS = YES;
				CLANG_WARN_DIRECT_OBJC_ISA_USAGE = YES_ERROR;
				CLANG_WARN_DOCUMENTATION_COMMENTS = YES;
				CLANG_WARN_EMPTY_BODY = YES;
				CLANG_WARN_ENUM_CONVERSION = YES;
				CLANG_WARN_INFINITE_RECURSION = YES;
				CLANG_WARN_INT_CONVERSION = YES;
				CLANG_WARN_NON_LITERAL_NULL_CONVERSION = YES;
				CLANG_WARN_OBJC_IMPLICIT_RETAIN_SELF = YES;
				CLANG_WARN_OBJC_LITERAL_CONVERSION = YES;
				CLANG_WARN_OBJC_ROOT_CLASS = YES_ERROR;
				CLANG_WARN_QUOTED_INCLUDE_IN_FRAMEWORK_HEADER = YES;
				CLANG_WARN_RANGE_LOOP_ANALYSIS = YES;
				CLANG_WARN_STRICT_PROTOTYPES = YES;
				CLANG_WARN_SUSPICIOUS_MOVE = YES;
				CLANG_WARN_UNGUARDED_AVAILABILITY = YES_AGGRESSIVE;
				CLANG_WARN_UNREACHABLE_CODE = YES;
				CLANG_WARN__DUPLICATE_METHOD_MATCH = YES;
				COPY_PHASE_STRIP = NO;
				DEBUG_INFORMATION_FORMAT = "dwarf-with-dsym";
				ENABLE_NS_ASSERTIONS = NO;
				ENABLE_STRICT_OBJC_MSGSEND = YES;
				ENABLE_USER_SCRIPT_SANDBOXING = YES;
				GCC_C_LANGUAGE_STANDARD = gnu17;
				GCC_NO_COMMON_BLOCKS = YES;
				GCC_WARN_64_TO_32_BIT_CONVERSION = YES;
				GCC_WARN_ABOUT_RETURN_TYPE = YES_ERROR;
				GCC_WARN_UNDECLARED_SELECTOR = YES;
				GCC_WARN_UNINITIALIZED_AUTOS = YES_AGGRESSIVE;
				GCC_WARN_UNUSED_FUNCTION = YES;
				GCC_WARN_UNUSED_VARIABLE = YES;
				IPHONEOS_DEPLOYMENT_TARGET = 17.5;
				LOCALIZATION_PREFERS_STRING_CATALOGS = YES;
				MTL_ENABLE_DEBUG_INFO = NO;
				MTL_FAST_MATH = YES;
				SDKROOT = iphoneos;
				SWIFT_COMPILATION_MODE = wholemodule;
				VALIDATE_PRODUCT = YES;
			};
			name = Release;
		};
		CFD0F1782C9257D6007C3985 /* Debug */ = {
			isa = XCBuildConfiguration;
			buildSettings = {
				ASSETCATALOG_COMPILER_APPICON_NAME = AppIcon;
				ASSETCATALOG_COMPILER_GLOBAL_ACCENT_COLOR_NAME = AccentColor;
				CODE_SIGN_STYLE = Automatic;
				CURRENT_PROJECT_VERSION = 1;
				DEVELOPMENT_ASSET_PATHS = "\"HIIFit/Preview Content\"";
				ENABLE_PREVIEWS = YES;
				GENERATE_INFOPLIST_FILE = YES;
				INFOPLIST_KEY_UIApplicationSceneManifest_Generation = YES;
				INFOPLIST_KEY_UIApplicationSupportsIndirectInputEvents = YES;
				INFOPLIST_KEY_UILaunchScreen_Generation = YES;
				INFOPLIST_KEY_UISupportedInterfaceOrientations_iPad = "UIInterfaceOrientationPortrait UIInterfaceOrientationPortraitUpsideDown UIInterfaceOrientationLandscapeLeft UIInterfaceOrientationLandscapeRight";
				INFOPLIST_KEY_UISupportedInterfaceOrientations_iPhone = "UIInterfaceOrientationPortrait UIInterfaceOrientationLandscapeLeft UIInterfaceOrientationLandscapeRight";
				LD_RUNPATH_SEARCH_PATHS = (
					"$(inherited)",
					"@executable_path/Frameworks",
				);
				MARKETING_VERSION = 1.0;
				PRODUCT_BUNDLE_IDENTIFIER = com.westhoelter.HIIFit;
				PRODUCT_NAME = "$(TARGET_NAME)";
				SWIFT_EMIT_LOC_STRINGS = YES;
				SWIFT_VERSION = 5.0;
				TARGETED_DEVICE_FAMILY = "1,2";
			};
			name = Debug;
		};
		CFD0F1792C9257D6007C3985 /* Release */ = {
			isa = XCBuildConfiguration;
			buildSettings = {
				ASSETCATALOG_COMPILER_APPICON_NAME = AppIcon;
				ASSETCATALOG_COMPILER_GLOBAL_ACCENT_COLOR_NAME = AccentColor;
				CODE_SIGN_STYLE = Automatic;
				CURRENT_PROJECT_VERSION = 1;
				DEVELOPMENT_ASSET_PATHS = "\"HIIFit/Preview Content\"";
				ENABLE_PREVIEWS = YES;
				GENERATE_INFOPLIST_FILE = YES;
				INFOPLIST_KEY_UIApplicationSceneManifest_Generation = YES;
				INFOPLIST_KEY_UIApplicationSupportsIndirectInputEvents = YES;
				INFOPLIST_KEY_UILaunchScreen_Generation = YES;
				INFOPLIST_KEY_UISupportedInterfaceOrientations_iPad = "UIInterfaceOrientationPortrait UIInterfaceOrientationPortraitUpsideDown UIInterfaceOrientationLandscapeLeft UIInterfaceOrientationLandscapeRight";
				INFOPLIST_KEY_UISupportedInterfaceOrientations_iPhone = "UIInterfaceOrientationPortrait UIInterfaceOrientationLandscapeLeft UIInterfaceOrientationLandscapeRight";
				LD_RUNPATH_SEARCH_PATHS = (
					"$(inherited)",
					"@executable_path/Frameworks",
				);
				MARKETING_VERSION = 1.0;
				PRODUCT_BUNDLE_IDENTIFIER = com.westhoelter.HIIFit;
				PRODUCT_NAME = "$(TARGET_NAME)";
				SWIFT_EMIT_LOC_STRINGS = YES;
				SWIFT_VERSION = 5.0;
				TARGETED_DEVICE_FAMILY = "1,2";
			};
			name = Release;
		};
		CFD0F17B2C9257D6007C3985 /* Debug */ = {
			isa = XCBuildConfiguration;
			buildSettings = {
				ALWAYS_EMBED_SWIFT_STANDARD_LIBRARIES = YES;
				BUNDLE_LOADER = "$(TEST_HOST)";
				CODE_SIGN_STYLE = Automatic;
				CURRENT_PROJECT_VERSION = 1;
				GENERATE_INFOPLIST_FILE = YES;
				IPHONEOS_DEPLOYMENT_TARGET = 17.5;
				MARKETING_VERSION = 1.0;
				PRODUCT_BUNDLE_IDENTIFIER = com.westhoelter.HIIFitTests;
				PRODUCT_NAME = "$(TARGET_NAME)";
				SWIFT_EMIT_LOC_STRINGS = NO;
				SWIFT_VERSION = 5.0;
				TARGETED_DEVICE_FAMILY = "1,2";
				TEST_HOST = "$(BUILT_PRODUCTS_DIR)/HIIFit.app/$(BUNDLE_EXECUTABLE_FOLDER_PATH)/HIIFit";
			};
			name = Debug;
		};
		CFD0F17C2C9257D6007C3985 /* Release */ = {
			isa = XCBuildConfiguration;
			buildSettings = {
				ALWAYS_EMBED_SWIFT_STANDARD_LIBRARIES = YES;
				BUNDLE_LOADER = "$(TEST_HOST)";
				CODE_SIGN_STYLE = Automatic;
				CURRENT_PROJECT_VERSION = 1;
				GENERATE_INFOPLIST_FILE = YES;
				IPHONEOS_DEPLOYMENT_TARGET = 17.5;
				MARKETING_VERSION = 1.0;
				PRODUCT_BUNDLE_IDENTIFIER = com.westhoelter.HIIFitTests;
				PRODUCT_NAME = "$(TARGET_NAME)";
				SWIFT_EMIT_LOC_STRINGS = NO;
				SWIFT_VERSION = 5.0;
				TARGETED_DEVICE_FAMILY = "1,2";
				TEST_HOST = "$(BUILT_PRODUCTS_DIR)/HIIFit.app/$(BUNDLE_EXECUTABLE_FOLDER_PATH)/HIIFit";
			};
			name = Release;
		};
		CFD0F17E2C9257D6007C3985 /* Debug */ = {
			isa = XCBuildConfiguration;
			buildSettings = {
				ALWAYS_EMBED_SWIFT_STANDARD_LIBRARIES = YES;
				CODE_SIGN_STYLE = Automatic;
				CURRENT_PROJECT_VERSION = 1;
				GENERATE_INFOPLIST_FILE = YES;
				MARKETING_VERSION = 1.0;
				PRODUCT_BUNDLE_IDENTIFIER = com.westhoelter.HIIFitUITests;
				PRODUCT_NAME = "$(TARGET_NAME)";
				SWIFT_EMIT_LOC_STRINGS = NO;
				SWIFT_VERSION = 5.0;
				TARGETED_DEVICE_FAMILY = "1,2";
				TEST_TARGET_NAME = HIIFit;
			};
			name = Debug;
		};
		CFD0F17F2C9257D6007C3985 /* Release */ = {
			isa = XCBuildConfiguration;
			buildSettings = {
				ALWAYS_EMBED_SWIFT_STANDARD_LIBRARIES = YES;
				CODE_SIGN_STYLE = Automatic;
				CURRENT_PROJECT_VERSION = 1;
				GENERATE_INFOPLIST_FILE = YES;
				MARKETING_VERSION = 1.0;
				PRODUCT_BUNDLE_IDENTIFIER = com.westhoelter.HIIFitUITests;
				PRODUCT_NAME = "$(TARGET_NAME)";
				SWIFT_EMIT_LOC_STRINGS = NO;
				SWIFT_VERSION = 5.0;
				TARGETED_DEVICE_FAMILY = "1,2";
				TEST_TARGET_NAME = HIIFit;
			};
			name = Release;
		};
/* End XCBuildConfiguration section */

/* Begin XCConfigurationList section */
		CFD0F14E2C9257D5007C3985 /* Build configuration list for PBXProject "HIIFit" */ = {
			isa = XCConfigurationList;
			buildConfigurations = (
				CFD0F1752C9257D6007C3985 /* Debug */,
				CFD0F1762C9257D6007C3985 /* Release */,
			);
			defaultConfigurationIsVisible = 0;
			defaultConfigurationName = Release;
		};
		CFD0F1772C9257D6007C3985 /* Build configuration list for PBXNativeTarget "HIIFit" */ = {
			isa = XCConfigurationList;
			buildConfigurations = (
				CFD0F1782C9257D6007C3985 /* Debug */,
				CFD0F1792C9257D6007C3985 /* Release */,
			);
			defaultConfigurationIsVisible = 0;
			defaultConfigurationName = Release;
		};
		CFD0F17A2C9257D6007C3985 /* Build configuration list for PBXNativeTarget "HIIFitTests" */ = {
			isa = XCConfigurationList;
			buildConfigurations = (
				CFD0F17B2C9257D6007C3985 /* Debug */,
				CFD0F17C2C9257D6007C3985 /* Release */,
			);
			defaultConfigurationIsVisible = 0;
			defaultConfigurationName = Release;
		};
		CFD0F17D2C9257D6007C3985 /* Build configuration list for PBXNativeTarget "HIIFitUITests" */ = {
			isa = XCConfigurationList;
			buildConfigurations = (
				CFD0F17E2C9257D6007C3985 /* Debug */,
				CFD0F17F2C9257D6007C3985 /* Release */,
			);
			defaultConfigurationIsVisible = 0;
			defaultConfigurationName = Release;
		};
/* End XCConfigurationList section */
	};
	rootObject = CFD0F14B2C9257D5007C3985 /* Project object */;
}
